
Microsoft Visual Studio Solution File, Format Version 12.00
# Visual Studio Version 17
VisualStudioVersion = 17.9.34728.123
MinimumVisualStudioVersion = 10.0.40219.1
Project("{54A90642-561A-4BB1-A94E-469ADEE60C69}") = "IlonggoGid.API", "IlonggoGid.API.esproj", "{10A93B27-E148-4B28-BE75-7CB0A94EEC76}"
EndProject
Global
	GlobalSection(SolutionConfigurationPlatforms) = preSolution
		Debug|Any CPU = Debug|Any CPU
		Release|Any CPU = Release|Any CPU
	EndGlobalSection
	GlobalSection(ProjectConfigurationPlatforms) = postSolution
		{10A93B27-E148-4B28-BE75-7CB0A94EEC76}.Debug|Any CPU.ActiveCfg = Debug|Any CPU
		{10A93B27-E148-4B28-BE75-7CB0A94EEC76}.Debug|Any CPU.Build.0 = Debug|Any CPU
		{10A93B27-E148-4B28-BE75-7CB0A94EEC76}.Debug|Any CPU.Deploy.0 = Debug|Any CPU
		{10A93B27-E148-4B28-BE75-7CB0A94EEC76}.Release|Any CPU.ActiveCfg = Release|Any CPU
		{10A93B27-E148-4B28-BE75-7CB0A94EEC76}.Release|Any CPU.Build.0 = Release|Any CPU
		{10A93B27-E148-4B28-BE75-7CB0A94EEC76}.Release|Any CPU.Deploy.0 = Release|Any CPU
	EndGlobalSection
	GlobalSection(SolutionProperties) = preSolution
		HideSolutionNode = FALSE
	EndGlobalSection
	GlobalSection(ExtensibilityGlobals) = postSolution
		SolutionGuid = {FB3ABD56-44CF-446E-8859-2FF1E65C1B98}
	EndGlobalSection
EndGlobal
